
Microsoft Visual Studio Solution File, Format Version 12.00
# Visual Studio Version 17
VisualStudioVersion = 17.13.35931.197 d17.13
MinimumVisualStudioVersion = 10.0.40219.1
Project("{FAE04EC0-301F-11D3-BF4B-00C04F79EFBC}") = "MovieStore.WebApi", "MovieStore.WebApi\MovieStore.WebApi.csproj", "{3C5A28B7-6268-45DE-A566-EFA1286B2B86}"
EndProject
Global
	GlobalSection(SolutionConfigurationPlatforms) = preSolution
		Debug|Any CPU = Debug|Any CPU
		Release|Any CPU = Release|Any CPU
	EndGlobalSection
	GlobalSection(ProjectConfigurationPlatforms) = postSolution
		{3C5A28B7-6268-45DE-A566-EFA1286B2B86}.Debug|Any CPU.ActiveCfg = Debug|Any CPU
		{3C5A28B7-6268-45DE-A566-EFA1286B2B86}.Debug|Any CPU.Build.0 = Debug|Any CPU
		{3C5A28B7-6268-45DE-A566-EFA1286B2B86}.Release|Any CPU.ActiveCfg = Release|Any CPU
		{3C5A28B7-6268-45DE-A566-EFA1286B2B86}.Release|Any CPU.Build.0 = Release|Any CPU
	EndGlobalSection
	GlobalSection(SolutionProperties) = preSolution
		HideSolutionNode = FALSE
	EndGlobalSection
	GlobalSection(ExtensibilityGlobals) = postSolution
		SolutionGuid = {63EB3403-6BC7-49F5-A1AA-F845D2D193A0}
	EndGlobalSection
EndGlobal
